{
  "version": 4,
  "terraform_version": "1.15.1",
  "serial": 27,
  "lineage": "7a4dc15a-9f34-0276-c710-0d4b48d89940",
  "outputs": {},
  "resources": [
    {
      "mode": "managed",
      "type": "azurerm_linux_web_app",
      "name": "linux_web_app_spa",
      "provider": "provider[\"registry.terraform.io/hashicorp/azurerm\"]",
      "instances": [
        {
          "schema_version": 1,
          "attributes": {
            "app_settings": null,
            "auth_settings": [],
            "auth_settings_v2": [],
            "backup": [],
            "client_affinity_enabled": false,
            "client_certificate_enabled": false,
            "client_certificate_exclusion_paths": "",
            "client_certificate_mode": "Required",
            "connection_string": [],
            "custom_domain_verification_id": "1138F35B4B8943AE313248052C174878AE8881611583DF8D7974D9E7841CAB54",
            "default_hostname": "cnsolns-spatest.azurewebsites.net",
            "enabled": true,
            "ftp_publish_basic_authentication_enabled": true,
            "hosting_environment_id": "",
            "https_only": true,
            "id": "/subscriptions/1c1bf735-bff4-43f7-b6ed-9bfbb87f4840/resourceGroups/test-rg-test/providers/Microsoft.Web/sites/cnsolns-spatest",
            "identity": [
              {
                "identity_ids": null,
                "principal_id": "e3e075ec-f547-4ab7-ac9f-4644a21c6ecf",
                "tenant_id": "2b4bb9a8-b0c8-415d-a87c-919dd639e8f5",
                "type": "SystemAssigned"
              }
            ],
            "key_vault_reference_identity_id": "SystemAssigned",
            "kind": "app,linux",
            "location": "southindia",
            "logs": [],
            "name": "cnsolns-spatest",
            "outbound_ip_address_list": [
              "52.172.15.93",
              "52.172.24.222",
              "52.172.3.245",
              "52.172.6.77",
              "52.172.28.12",
              "52.172.28.82",
              "20.219.117.158",
              "20.219.117.182",
              "20.219.117.247",
              "20.219.118.58",
              "20.219.118.2",
              "20.219.100.217",
              "40.78.194.97"
            ],
            "outbound_ip_addresses": "52.172.15.93,52.172.24.222,52.172.3.245,52.172.6.77,52.172.28.12,52.172.28.82,20.219.117.158,20.219.117.182,20.219.117.247,20.219.118.58,20.219.118.2,20.219.100.217,40.78.194.97",
            "possible_outbound_ip_address_list": [
              "52.172.15.93",
              "52.172.24.222",
              "52.172.3.245",
              "52.172.6.77",
              "52.172.28.12",
              "52.172.28.82",
              "20.219.117.158",
              "20.219.117.182",
              "20.219.117.247",
              "20.219.118.58",
              "20.219.118.2",
              "20.219.100.217",
              "20.219.118.35",
              "20.219.98.205",
              "20.219.99.78",
              "20.219.99.42",
              "20.219.118.132",
              "20.219.118.138",
              "20.219.119.10",
              "20.219.119.59",
              "20.219.119.159",
              "20.219.117.13",
              "20.219.119.101",
              "20.219.119.193",
              "20.219.119.223",
              "20.235.0.41",
              "20.219.115.250",
              "20.235.0.252",
              "20.235.1.15",
              "20.235.0.84",
              "40.78.194.97"
            ],
            "possible_outbound_ip_addresses": "52.172.15.93,52.172.24.222,52.172.3.245,52.172.6.77,52.172.28.12,52.172.28.82,20.219.117.158,20.219.117.182,20.219.117.247,20.219.118.58,20.219.118.2,20.219.100.217,20.219.118.35,20.219.98.205,20.219.99.78,20.219.99.42,20.219.118.132,20.219.118.138,20.219.119.10,20.219.119.59,20.219.119.159,20.219.117.13,20.219.119.101,20.219.119.193,20.219.119.223,20.235.0.41,20.219.115.250,20.235.0.252,20.235.1.15,20.235.0.84,40.78.194.97",
            "public_network_access_enabled": true,
            "resource_group_name": "test-rg-test",
            "service_plan_id": "/subscriptions/1c1bf735-bff4-43f7-b6ed-9bfbb87f4840/resourceGroups/test-rg-test/providers/Microsoft.Web/serverFarms/cnsolns-asp-spa-test",
            "site_config": [
              {
                "always_on": true,
                "api_definition_url": "",
                "api_management_api_id": "",
                "app_command_line": "",
                "application_stack": [
                  {
                    "docker_image": "",
                    "docker_image_name": "",
                    "docker_image_tag": "",
                    "docker_registry_password": "",
                    "docker_registry_url": "",
                    "docker_registry_username": "",
                    "dotnet_version": "",
                    "go_version": "",
                    "java_server": "",
                    "java_server_version": "",
                    "java_version": "",
                    "node_version": "18-lts",
                    "php_version": "",
                    "python_version": "",
                    "ruby_version": ""
                  }
                ],
                "auto_heal_enabled": false,
                "auto_heal_setting": [],
                "container_registry_managed_identity_client_id": "",
                "container_registry_use_managed_identity": false,
                "cors": [],
                "default_documents": [
                  "Default.htm",
                  "Default.html",
                  "Default.asp",
                  "index.htm",
                  "index.html",
                  "iisstart.htm",
                  "default.aspx",
                  "index.php",
                  "hostingstart.html"
                ],
                "detailed_error_logging_enabled": false,
                "ftps_state": "Disabled",
                "health_check_eviction_time_in_min": 0,
                "health_check_path": "",
                "http2_enabled": false,
                "ip_restriction": [],
                "ip_restriction_default_action": "Allow",
                "linux_fx_version": "NODE|18-lts",
                "load_balancing_mode": "LeastRequests",
                "local_mysql_enabled": false,
                "managed_pipeline_mode": "Integrated",
                "minimum_tls_version": "1.2",
                "remote_debugging_enabled": false,
                "remote_debugging_version": "VS2022",
                "scm_ip_restriction": [],
                "scm_ip_restriction_default_action": "Allow",
                "scm_minimum_tls_version": "1.2",
                "scm_type": "None",
                "scm_use_main_ip_restriction": false,
                "use_32_bit_worker": true,
                "vnet_route_all_enabled": false,
                "websockets_enabled": false,
                "worker_count": 1
              }
            ],
            "site_credential": [
              {
                "name": "$cnsolns-spatest",
                "password": "R2EEj7mE9aLnvbbPvvuXsSlPypi9PW4nunw5k3iBx26xLvnw8XPpLuDMqTi3"
              }
            ],
            "sticky_settings": [],
            "storage_account": [],
            "tags": {
              "author": "HK",
              "env": "Prod"
            },
            "timeouts": null,
            "virtual_network_subnet_id": "",
            "webdeploy_publish_basic_authentication_enabled": true,
            "zip_deploy_file": ""
          },
          "sensitive_attributes": [
            [
              {
                "type": "get_attr",
                "value": "custom_domain_verification_id"
              }
            ],
            [
              {
                "type": "get_attr",
                "value": "site_config"
              },
              {
                "type": "index",
                "value": {
                  "value": 0,
                  "type": "number"
                }
              },
              {
                "type": "get_attr",
                "value": "application_stack"
              },
              {
                "type": "index",
                "value": {
                  "value": 0,
                  "type": "number"
                }
              },
              {
                "type": "get_attr",
                "value": "docker_registry_password"
              }
            ],
            [
              {
                "type": "get_attr",
                "value": "site_credential"
              }
            ]
          ],
          "identity_schema_version": 0,
          "private": "eyJlMmJmYjczMC1lY2FhLTExZTYtOGY4OC0zNDM2M2JjN2M0YzAiOnsiY3JlYXRlIjoxODAwMDAwMDAwMDAwLCJkZWxldGUiOjE4MDAwMDAwMDAwMDAsInJlYWQiOjMwMDAwMDAwMDAwMCwidXBkYXRlIjoxODAwMDAwMDAwMDAwfSwic2NoZW1hX3ZlcnNpb24iOiIxIn0=",
          "dependencies": [
            "azurerm_resource_group.rg",
            "azurerm_service_plan.asp_spa"
          ]
        }
      ]
    },
    {
      "mode": "managed",
      "type": "azurerm_resource_group",
      "name": "rg",
      "provider": "provider[\"registry.terraform.io/hashicorp/azurerm\"]",
      "instances": [
        {
          "schema_version": 0,
          "attributes": {
            "id": "/subscriptions/1c1bf735-bff4-43f7-b6ed-9bfbb87f4840/resourceGroups/test-rg-test",
            "location": "southindia",
            "managed_by": "",
            "name": "test-rg-test",
            "tags": {
              "author": "HK",
              "env": "Prod"
            },
            "timeouts": null
          },
          "sensitive_attributes": [],
          "identity_schema_version": 0,
          "private": "eyJlMmJmYjczMC1lY2FhLTExZTYtOGY4OC0zNDM2M2JjN2M0YzAiOnsiY3JlYXRlIjo1NDAwMDAwMDAwMDAwLCJkZWxldGUiOjU0MDAwMDAwMDAwMDAsInJlYWQiOjMwMDAwMDAwMDAwMCwidXBkYXRlIjo1NDAwMDAwMDAwMDAwfX0="
        }
      ]
    },
    {
      "mode": "managed",
      "type": "azurerm_service_plan",
      "name": "asp_spa",
      "provider": "provider[\"registry.terraform.io/hashicorp/azurerm\"]",
      "instances": [
        {
          "schema_version": 1,
          "attributes": {
            "app_service_environment_id": "",
            "id": "/subscriptions/1c1bf735-bff4-43f7-b6ed-9bfbb87f4840/resourceGroups/test-rg-test/providers/Microsoft.Web/serverFarms/cnsolns-asp-spa-test",
            "kind": "linux",
            "location": "southindia",
            "maximum_elastic_worker_count": 1,
            "name": "cnsolns-asp-spa-test",
            "os_type": "Linux",
            "per_site_scaling_enabled": false,
            "reserved": true,
            "resource_group_name": "test-rg-test",
            "sku_name": "S1",
            "tags": {
              "author": "HK",
              "env": "Prod"
            },
            "timeouts": null,
            "worker_count": 1,
            "zone_balancing_enabled": false
          },
          "sensitive_attributes": [],
          "identity_schema_version": 0,
          "private": "eyJlMmJmYjczMC1lY2FhLTExZTYtOGY4OC0zNDM2M2JjN2M0YzAiOnsiY3JlYXRlIjozNjAwMDAwMDAwMDAwLCJkZWxldGUiOjM2MDAwMDAwMDAwMDAsInJlYWQiOjMwMDAwMDAwMDAwMCwidXBkYXRlIjozNjAwMDAwMDAwMDAwfSwic2NoZW1hX3ZlcnNpb24iOiIxIn0=",
          "dependencies": [
            "azurerm_resource_group.rg"
          ]
        }
      ]
    }
  ],
  "check_results": null
}
